// !$*UTF8*$!
{
	archiveVersion = 1;
	classes = {
	};
	objectVersion = 50;
	objects = {

/* Begin PBXBuildFile section */
		3D016E0621138334002D200B /* AppDelegate.swift in Sources */ = {isa = PBXBuildFile; fileRef = 3D016E0521138334002D200B /* AppDelegate.swift */; };
		3D016E0B21138334002D200B /* Main.storyboard in Resources */ = {isa = PBXBuildFile; fileRef = 3D016E0921138334002D200B /* Main.storyboard */; };
		3D016E0D21138334002D200B /* Assets.xcassets in Resources */ = {isa = PBXBuildFile; fileRef = 3D016E0C21138334002D200B /* Assets.xcassets */; };
		3D016E1021138334002D200B /* LaunchScreen.storyboard in Resources */ = {isa = PBXBuildFile; fileRef = 3D016E0E21138334002D200B /* LaunchScreen.storyboard */; };
		3D016E1B21138335002D200B /* TumblrfeedTests.swift in Sources */ = {isa = PBXBuildFile; fileRef = 3D016E1A21138335002D200B /* TumblrfeedTests.swift */; };
		3D016E2621138335002D200B /* TumblrfeedUITests.swift in Sources */ = {isa = PBXBuildFile; fileRef = 3D016E2521138335002D200B /* TumblrfeedUITests.swift */; };
		3D8A6F9B2113B6B800F800A0 /* PhotosViewController.swift in Sources */ = {isa = PBXBuildFile; fileRef = 3D8A6F9A2113B6B800F800A0 /* PhotosViewController.swift */; };
		3D8A6F9D2113CEC200F800A0 /* PhotoCell.swift in Sources */ = {isa = PBXBuildFile; fileRef = 3D8A6F9C2113CEC200F800A0 /* PhotoCell.swift */; };
		619127678C00508D898A59F9 /* Pods_TumblrfeedTests.framework in Frameworks */ = {isa = PBXBuildFile; fileRef = E12B41C62EA385B9173158B9 /* Pods_TumblrfeedTests.framework */; };
		6A0BD83939632D55FB1CD395 /* Pods_Tumblrfeed.framework in Frameworks */ = {isa = PBXBuildFile; fileRef = FECA924294E68E3E0A98228F /* Pods_Tumblrfeed.framework */; };
		F86A9D91E5C14FD9F115A715 /* Pods_TumblrfeedUITests.framework in Frameworks */ = {isa = PBXBuildFile; fileRef = 2081B668147D591C7AC45799 /* Pods_TumblrfeedUITests.framework */; };
/* End PBXBuildFile section */

/* Begin PBXContainerItemProxy section */
		3D016E1721138335002D200B /* PBXContainerItemProxy */ = {
			isa = PBXContainerItemProxy;
			containerPortal = 3D016DFA21138334002D200B /* Project object */;
			proxyType = 1;
			remoteGlobalIDString = 3D016E0121138334002D200B;
			remoteInfo = Tumblrfeed;
		};
		3D016E2221138335002D200B /* PBXContainerItemProxy */ = {
			isa = PBXContainerItemProxy;
			containerPortal = 3D016DFA21138334002D200B /* Project object */;
			proxyType = 1;
			remoteGlobalIDString = 3D016E0121138334002D200B;
			remoteInfo = Tumblrfeed;
		};
/* End PBXContainerItemProxy section */

/* Begin PBXFileReference section */
		1A8DB4338EC9464EDBC314E5 /* Pods-TumblrfeedTests.release.xcconfig */ = {isa = PBXFileReference; includeInIndex = 1; lastKnownFileType = text.xcconfig; name = "Pods-TumblrfeedTests.release.xcconfig"; path = "Pods/Target Support Files/Pods-TumblrfeedTests/Pods-TumblrfeedTests.release.xcconfig"; sourceTree = "<group>"; };
		2081B668147D591C7AC45799 /* Pods_TumblrfeedUITests.framework */ = {isa = PBXFileReference; explicitFileType = wrapper.framework; includeInIndex = 0; path = Pods_TumblrfeedUITests.framework; sourceTree = BUILT_PRODUCTS_DIR; };
		3D016E0221138334002D200B /* Tumblrfeed.app */ = {isa = PBXFileReference; explicitFileType = wrapper.application; includeInIndex = 0; path = Tumblrfeed.app; sourceTree = BUILT_PRODUCTS_DIR; };
		3D016E0521138334002D200B /* AppDelegate.swift */ = {isa = PBXFileReference; lastKnownFileType = sourcecode.swift; path = AppDelegate.swift; sourceTree = "<group>"; };
		3D016E0A21138334002D200B /* Base */ = {isa = PBXFileReference; lastKnownFileType = file.storyboard; name = Base; path = Base.lproj/Main.storyboard; sourceTree = "<group>"; };
		3D016E0C21138334002D200B /* Assets.xcassets */ = {isa = PBXFileReference; lastKnownFileType = folder.assetcatalog; path = Assets.xcassets; sourceTree = "<group>"; };
		3D016E0F21138334002D200B /* Base */ = {isa = PBXFileReference; lastKnownFileType = file.storyboard; name = Base; path = Base.lproj/LaunchScreen.storyboard; sourceTree = "<group>"; };
		3D016E1121138334002D200B /* Info.plist */ = {isa = PBXFileReference; lastKnownFileType = text.plist.xml; path = Info.plist; sourceTree = "<group>"; };
		3D016E1621138335002D200B /* TumblrfeedTests.xctest */ = {isa = PBXFileReference; explicitFileType = wrapper.cfbundle; includeInIndex = 0; path = TumblrfeedTests.xctest; sourceTree = BUILT_PRODUCTS_DIR; };
		3D016E1A21138335002D200B /* TumblrfeedTests.swift */ = {isa = PBXFileReference; lastKnownFileType = sourcecode.swift; path = TumblrfeedTests.swift; sourceTree = "<group>"; };
		3D016E1C21138335002D200B /* Info.plist */ = {isa = PBXFileReference; lastKnownFileType = text.plist.xml; path = Info.plist; sourceTree = "<group>"; };
		3D016E2121138335002D200B /* TumblrfeedUITests.xctest */ = {isa = PBXFileReference; explicitFileType = wrapper.cfbundle; includeInIndex = 0; path = TumblrfeedUITests.xctest; sourceTree = BUILT_PRODUCTS_DIR; };
		3D016E2521138335002D200B /* TumblrfeedUITests.swift */ = {isa = PBXFileReference; lastKnownFileType = sourcecode.swift; path = TumblrfeedUITests.swift; sourceTree = "<group>"; };
		3D016E2721138335002D200B /* Info.plist */ = {isa = PBXFileReference; lastKnownFileType = text.plist.xml; path = Info.plist; sourceTree = "<group>"; };
		3D8A6F9A2113B6B800F800A0 /* PhotosViewController.swift */ = {isa = PBXFileReference; lastKnownFileType = sourcecode.swift; path = PhotosViewController.swift; sourceTree = "<group>"; };
		3D8A6F9C2113CEC200F800A0 /* PhotoCell.swift */ = {isa = PBXFileReference; lastKnownFileType = sourcecode.swift; path = PhotoCell.swift; sourceTree = "<group>"; };
		414F11B2EB466E590E76C772 /* Pods-TumblrfeedUITests.release.xcconfig */ = {isa = PBXFileReference; includeInIndex = 1; lastKnownFileType = text.xcconfig; name = "Pods-TumblrfeedUITests.release.xcconfig"; path = "Pods/Target Support Files/Pods-TumblrfeedUITests/Pods-TumblrfeedUITests.release.xcconfig"; sourceTree = "<group>"; };
		7FFE3FBC79B5BB20E75754D7 /* Pods-Tumblrfeed.debug.xcconfig */ = {isa = PBXFileReference; includeInIndex = 1; lastKnownFileType = text.xcconfig; name = "Pods-Tumblrfeed.debug.xcconfig"; path = "Pods/Target Support Files/Pods-Tumblrfeed/Pods-Tumblrfeed.debug.xcconfig"; sourceTree = "<group>"; };
		AA8CA9B7C26B53BADCE6A0ED /* Pods-TumblrfeedUITests.debug.xcconfig */ = {isa = PBXFileReference; includeInIndex = 1; lastKnownFileType = text.xcconfig; name = "Pods-TumblrfeedUITests.debug.xcconfig"; path = "Pods/Target Support Files/Pods-TumblrfeedUITests/Pods-TumblrfeedUITests.debug.xcconfig"; sourceTree = "<group>"; };
		D4E9574E95F0DB9F1C7F1A48 /* Pods-TumblrfeedTests.debug.xcconfig */ = {isa = PBXFileReference; includeInIndex = 1; lastKnownFileType = text.xcconfig; name = "Pods-TumblrfeedTests.debug.xcconfig"; path = "Pods/Target Support Files/Pods-TumblrfeedTests/Pods-TumblrfeedTests.debug.xcconfig"; sourceTree = "<group>"; };
		D8BBFF3D1F03BE72E7113790 /* Pods-Tumblrfeed.release.xcconfig */ = {isa = PBXFileReference; includeInIndex = 1; lastKnownFileType = text.xcconfig; name = "Pods-Tumblrfeed.release.xcconfig"; path = "Pods/Target Support Files/Pods-Tumblrfeed/Pods-Tumblrfeed.release.xcconfig"; sourceTree = "<group>"; };
		E12B41C62EA385B9173158B9 /* Pods_TumblrfeedTests.framework */ = {isa = PBXFileReference; explicitFileType = wrapper.framework; includeInIndex = 0; path = Pods_TumblrfeedTests.framework; sourceTree = BUILT_PRODUCTS_DIR; };
		FECA924294E68E3E0A98228F /* Pods_Tumblrfeed.framework */ = {isa = PBXFileReference; explicitFileType = wrapper.framework; includeInIndex = 0; path = Pods_Tumblrfeed.framework; sourceTree = BUILT_PRODUCTS_DIR; };
/* End PBXFileReference section */

/* Begin PBXFrameworksBuildPhase section */
		3D016DFF21138334002D200B /* Frameworks */ = {
			isa = PBXFrameworksBuildPhase;
			buildActionMask = 2147483647;
			files = (
				6A0BD83939632D55FB1CD395 /* Pods_Tumblrfeed.framework in Frameworks */,
			);
			runOnlyForDeploymentPostprocessing = 0;
		};
		3D016E1321138335002D200B /* Frameworks */ = {
			isa = PBXFrameworksBuildPhase;
			buildActionMask = 2147483647;
			files = (
				619127678C00508D898A59F9 /* Pods_TumblrfeedTests.framework in Frameworks */,
			);
			runOnlyForDeploymentPostprocessing = 0;
		};
		3D016E1E21138335002D200B /* Frameworks */ = {
			isa = PBXFrameworksBuildPhase;
			buildActionMask = 2147483647;
			files = (
				F86A9D91E5C14FD9F115A715 /* Pods_TumblrfeedUITests.framework in Frameworks */,
			);
			runOnlyForDeploymentPostprocessing = 0;
		};
/* End PBXFrameworksBuildPhase section */

/* Begin PBXGroup section */
		16492F602489A4852AEEF64E /* Pods */ = {
			isa = PBXGroup;
			children = (
				7FFE3FBC79B5BB20E75754D7 /* Pods-Tumblrfeed.debug.xcconfig */,
				D8BBFF3D1F03BE72E7113790 /* Pods-Tumblrfeed.release.xcconfig */,
				D4E9574E95F0DB9F1C7F1A48 /* Pods-TumblrfeedTests.debug.xcconfig */,
				1A8DB4338EC9464EDBC314E5 /* Pods-TumblrfeedTests.release.xcconfig */,
				AA8CA9B7C26B53BADCE6A0ED /* Pods-TumblrfeedUITests.debug.xcconfig */,
				414F11B2EB466E590E76C772 /* Pods-TumblrfeedUITests.release.xcconfig */,
			);
			name = Pods;
			sourceTree = "<group>";
		};
		3D016DF921138334002D200B = {
			isa = PBXGroup;
			children = (
				3D016E0421138334002D200B /* Tumblrfeed */,
				3D016E1921138335002D200B /* TumblrfeedTests */,
				3D016E2421138335002D200B /* TumblrfeedUITests */,
				3D016E0321138334002D200B /* Products */,
				16492F602489A4852AEEF64E /* Pods */,
				9431602BAA740343C0CFF134 /* Frameworks */,
			);
			sourceTree = "<group>";
		};
		3D016E0321138334002D200B /* Products */ = {
			isa = PBXGroup;
			children = (
				3D016E0221138334002D200B /* Tumblrfeed.app */,
				3D016E1621138335002D200B /* TumblrfeedTests.xctest */,
				3D016E2121138335002D200B /* TumblrfeedUITests.xctest */,
			);
			name = Products;
			sourceTree = "<group>";
		};
		3D016E0421138334002D200B /* Tumblrfeed */ = {
			isa = PBXGroup;
			children = (
				3D016E0521138334002D200B /* AppDelegate.swift */,
				3D016E0921138334002D200B /* Main.storyboard */,
				3D016E0C21138334002D200B /* Assets.xcassets */,
				3D016E0E21138334002D200B /* LaunchScreen.storyboard */,
				3D016E1121138334002D200B /* Info.plist */,
				3D8A6F9A2113B6B800F800A0 /* PhotosViewController.swift */,
				3D8A6F9C2113CEC200F800A0 /* PhotoCell.swift */,
			);
			path = Tumblrfeed;
			sourceTree = "<group>";
		};
		3D016E1921138335002D200B /* TumblrfeedTests */ = {
			isa = PBXGroup;
			children = (
				3D016E1A21138335002D200B /* TumblrfeedTests.swift */,
				3D016E1C21138335002D200B /* Info.plist */,
			);
			path = TumblrfeedTests;
			sourceTree = "<group>";
		};
		3D016E2421138335002D200B /* TumblrfeedUITests */ = {
			isa = PBXGroup;
			children = (
				3D016E2521138335002D200B /* TumblrfeedUITests.swift */,
				3D016E2721138335002D200B /* Info.plist */,
			);
			path = TumblrfeedUITests;
			sourceTree = "<group>";
		};
		9431602BAA740343C0CFF134 /* Frameworks */ = {
			isa = PBXGroup;
			children = (
				FECA924294E68E3E0A98228F /* Pods_Tumblrfeed.framework */,
				E12B41C62EA385B9173158B9 /* Pods_TumblrfeedTests.framework */,
				2081B668147D591C7AC45799 /* Pods_TumblrfeedUITests.framework */,
			);
			name = Frameworks;
			sourceTree = "<group>";
		};
/* End PBXGroup section */

/* Begin PBXNativeTarget section */
		3D016E0121138334002D200B /* Tumblrfeed */ = {
			isa = PBXNativeTarget;
			buildConfigurationList = 3D016E2A21138335002D200B /* Build configuration list for PBXNativeTarget "Tumblrfeed" */;
			buildPhases = (
				63AE2B0552580E3FF9ECB72E /* [CP] Check Pods Manifest.lock */,
				3D016DFE21138334002D200B /* Sources */,
				3D016DFF21138334002D200B /* Frameworks */,
				3D016E0021138334002D200B /* Resources */,
				B9A7FB458483EB4386F4C723 /* [CP] Embed Pods Frameworks */,
			);
			buildRules = (
			);
			dependencies = (
			);
			name = Tumblrfeed;
			productName = Tumblrfeed;
			productReference = 3D016E0221138334002D200B /* Tumblrfeed.app */;
			productType = "com.apple.product-type.application";
		};
		3D016E1521138335002D200B /* TumblrfeedTests */ = {
			isa = PBXNativeTarget;
			buildConfigurationList = 3D016E2D21138335002D200B /* Build configuration list for PBXNativeTarget "TumblrfeedTests" */;
			buildPhases = (
				B90D6DD01EA9C82A1C2C29BE /* [CP] Check Pods Manifest.lock */,
				3D016E1221138335002D200B /* Sources */,
				3D016E1321138335002D200B /* Frameworks */,
				3D016E1421138335002D200B /* Resources */,
			);
			buildRules = (
			);
			dependencies = (
				3D016E1821138335002D200B /* PBXTargetDependency */,
			);
			name = TumblrfeedTests;
			productName = TumblrfeedTests;
			productReference = 3D016E1621138335002D200B /* TumblrfeedTests.xctest */;
			productType = "com.apple.product-type.bundle.unit-test";
		};
		3D016E2021138335002D200B /* TumblrfeedUITests */ = {
			isa = PBXNativeTarget;
			buildConfigurationList = 3D016E3021138335002D200B /* Build configuration list for PBXNativeTarget "TumblrfeedUITests" */;
			buildPhases = (
				21983AF0AB3CD8AF21A4E89B /* [CP] Check Pods Manifest.lock */,
				3D016E1D21138335002D200B /* Sources */,
				3D016E1E21138335002D200B /* Frameworks */,
				3D016E1F21138335002D200B /* Resources */,
			);
			buildRules = (
			);
			dependencies = (
				3D016E2321138335002D200B /* PBXTargetDependency */,
			);
			name = TumblrfeedUITests;
			productName = TumblrfeedUITests;
			productReference = 3D016E2121138335002D200B /* TumblrfeedUITests.xctest */;
			productType = "com.apple.product-type.bundle.ui-testing";
		};
/* End PBXNativeTarget section */

/* Begin PBXProject section */
		3D016DFA21138334002D200B /* Project object */ = {
			isa = PBXProject;
			attributes = {
				LastSwiftUpdateCheck = 0940;
				LastUpgradeCheck = 0940;
				ORGANIZATIONNAME = "AUNG PHYO";
				TargetAttributes = {
					3D016E0121138334002D200B = {
						CreatedOnToolsVersion = 9.4.1;
					};
					3D016E1521138335002D200B = {
						CreatedOnToolsVersion = 9.4.1;
						TestTargetID = 3D016E0121138334002D200B;
					};
					3D016E2021138335002D200B = {
						CreatedOnToolsVersion = 9.4.1;
						TestTargetID = 3D016E0121138334002D200B;
					};
				};
			};
			buildConfigurationList = 3D016DFD21138334002D200B /* Build configuration list for PBXProject "Tumblrfeed" */;
			compatibilityVersion = "Xcode 9.3";
			developmentRegion = en;
			hasScannedForEncodings = 0;
			knownRegions = (
				en,
				Base,
			);
			mainGroup = 3D016DF921138334002D200B;
			productRefGroup = 3D016E0321138334002D200B /* Products */;
			projectDirPath = "";
			projectRoot = "";
			targets = (
				3D016E0121138334002D200B /* Tumblrfeed */,
				3D016E1521138335002D200B /* TumblrfeedTests */,
				3D016E2021138335002D200B /* TumblrfeedUITests */,
			);
		};
/* End PBXProject section */

/* Begin PBXResourcesBuildPhase section */
		3D016E0021138334002D200B /* Resources */ = {
			isa = PBXResourcesBuildPhase;
			buildActionMask = 2147483647;
			files = (
				3D016E1021138334002D200B /* LaunchScreen.storyboard in Resources */,
				3D016E0D21138334002D200B /* Assets.xcassets in Resources */,
				3D016E0B21138334002D200B /* Main.storyboard in Resources */,
			);
			runOnlyForDeploymentPostprocessing = 0;
		};
		3D016E1421138335002D200B /* Resources */ = {
			isa = PBXResourcesBuildPhase;
			buildActionMask = 2147483647;
			files = (
			);
			runOnlyForDeploymentPostprocessing = 0;
		};
		3D016E1F21138335002D200B /* Resources */ = {
			isa = PBXResourcesBuildPhase;
			buildActionMask = 2147483647;
			files = (
			);
			runOnlyForDeploymentPostprocessing = 0;
		};
/* End PBXResourcesBuildPhase section */

/* Begin PBXShellScriptBuildPhase section */
		21983AF0AB3CD8AF21A4E89B /* [CP] Check Pods Manifest.lock */ = {
			isa = PBXShellScriptBuildPhase;
			buildActionMask = 2147483647;
			files = (
			);
			inputPaths = (
				"${PODS_PODFILE_DIR_PATH}/Podfile.lock",
				"${PODS_ROOT}/Manifest.lock",
			);
			name = "[CP] Check Pods Manifest.lock";
			outputPaths = (
				"$(DERIVED_FILE_DIR)/Pods-TumblrfeedUITests-checkManifestLockResult.txt",
			);
			runOnlyForDeploymentPostprocessing = 0;
			shellPath = /bin/sh;
			shellScript = "diff \"${PODS_PODFILE_DIR_PATH}/Podfile.lock\" \"${PODS_ROOT}/Manifest.lock\" > /dev/null\nif [ $? != 0 ] ; then\n    # print error to STDERR\n    echo \"error: The sandbox is not in sync with the Podfile.lock. Run 'pod install' or update your CocoaPods installation.\" >&2\n    exit 1\nfi\n# This output is used by Xcode 'outputs' to avoid re-running this script phase.\necho \"SUCCESS\" > \"${SCRIPT_OUTPUT_FILE_0}\"\n";
			showEnvVarsInLog = 0;
		};
		63AE2B0552580E3FF9ECB72E /* [CP] Check Pods Manifest.lock */ = {
			isa = PBXShellScriptBuildPhase;
			buildActionMask = 2147483647;
			files = (
			);
			inputPaths = (
				"${PODS_PODFILE_DIR_PATH}/Podfile.lock",
				"${PODS_ROOT}/Manifest.lock",
			);
			name = "[CP] Check Pods Manifest.lock";
			outputPaths = (
				"$(DERIVED_FILE_DIR)/Pods-Tumblrfeed-checkManifestLockResult.txt",
			);
			runOnlyForDeploymentPostprocessing = 0;
			shellPath = /bin/sh;
			shellScript = "diff \"${PODS_PODFILE_DIR_PATH}/Podfile.lock\" \"${PODS_ROOT}/Manifest.lock\" > /dev/null\nif [ $? != 0 ] ; then\n    # print error to STDERR\n    echo \"error: The sandbox is not in sync with the Podfile.lock. Run 'pod install' or update your CocoaPods installation.\" >&2\n    exit 1\nfi\n# This output is used by Xcode 'outputs' to avoid re-running this script phase.\necho \"SUCCESS\" > \"${SCRIPT_OUTPUT_FILE_0}\"\n";
			showEnvVarsInLog = 0;
		};
		B90D6DD01EA9C82A1C2C29BE /* [CP] Check Pods Manifest.lock */ = {
			isa = PBXShellScriptBuildPhase;
			buildActionMask = 2147483647;
			files = (
			);
			inputPaths = (
				"${PODS_PODFILE_DIR_PATH}/Podfile.lock",
				"${PODS_ROOT}/Manifest.lock",
			);
			name = "[CP] Check Pods Manifest.lock";
			outputPaths = (
				"$(DERIVED_FILE_DIR)/Pods-TumblrfeedTests-checkManifestLockResult.txt",
			);
			runOnlyForDeploymentPostprocessing = 0;
			shellPath = /bin/sh;
			shellScript = "diff \"${PODS_PODFILE_DIR_PATH}/Podfile.lock\" \"${PODS_ROOT}/Manifest.lock\" > /dev/null\nif [ $? != 0 ] ; then\n    # print error to STDERR\n    echo \"error: The sandbox is not in sync with the Podfile.lock. Run 'pod install' or update your CocoaPods installation.\" >&2\n    exit 1\nfi\n# This output is used by Xcode 'outputs' to avoid re-running this script phase.\necho \"SUCCESS\" > \"${SCRIPT_OUTPUT_FILE_0}\"\n";
			showEnvVarsInLog = 0;
		};
		B9A7FB458483EB4386F4C723 /* [CP] Embed Pods Frameworks */ = {
			isa = PBXShellScriptBuildPhase;
			buildActionMask = 2147483647;
			files = (
			);
			inputPaths = (
				"${SRCROOT}/Pods/Target Support Files/Pods-Tumblrfeed/Pods-Tumblrfeed-frameworks.sh",
				"${BUILT_PRODUCTS_DIR}/Alamofire/Alamofire.framework",
				"${BUILT_PRODUCTS_DIR}/AlamofireImage/AlamofireImage.framework",
			);
			name = "[CP] Embed Pods Frameworks";
			outputPaths = (
				"${TARGET_BUILD_DIR}/${FRAMEWORKS_FOLDER_PATH}/Alamofire.framework",
				"${TARGET_BUILD_DIR}/${FRAMEWORKS_FOLDER_PATH}/AlamofireImage.framework",
			);
			runOnlyForDeploymentPostprocessing = 0;
			shellPath = /bin/sh;
			shellScript = "\"${SRCROOT}/Pods/Target Support Files/Pods-Tumblrfeed/Pods-Tumblrfeed-frameworks.sh\"\n";
			showEnvVarsInLog = 0;
		};
/* End PBXShellScriptBuildPhase section */

/* Begin PBXSourcesBuildPhase section */
		3D016DFE21138334002D200B /* Sources */ = {
			isa = PBXSourcesBuildPhase;
			buildActionMask = 2147483647;
			files = (
				3D016E0621138334002D200B /* AppDelegate.swift in Sources */,
				3D8A6F9D2113CEC200F800A0 /* PhotoCell.swift in Sources */,
				3D8A6F9B2113B6B800F800A0 /* PhotosViewController.swift in Sources */,
			);
			runOnlyForDeploymentPostprocessing = 0;
		};
		3D016E1221138335002D200B /* Sources */ = {
			isa = PBXSourcesBuildPhase;
			buildActionMask = 2147483647;
			files = (
				3D016E1B21138335002D200B /* TumblrfeedTests.swift in Sources */,
			);
			runOnlyForDeploymentPostprocessing = 0;
		};
		3D016E1D21138335002D200B /* Sources */ = {
			isa = PBXSourcesBuildPhase;
			buildActionMask = 2147483647;
			files = (
				3D016E2621138335002D200B /* TumblrfeedUITests.swift in Sources */,
			);
			runOnlyForDeploymentPostprocessing = 0;
		};
/* End PBXSourcesBuildPhase section */

/* Begin PBXTargetDependency section */
		3D016E1821138335002D200B /* PBXTargetDependency */ = {
			isa = PBXTargetDependency;
			target = 3D016E0121138334002D200B /* Tumblrfeed */;
			targetProxy = 3D016E1721138335002D200B /* PBXContainerItemProxy */;
		};
		3D016E2321138335002D200B /* PBXTargetDependency */ = {
			isa = PBXTargetDependency;
			target = 3D016E0121138334002D200B /* Tumblrfeed */;
			targetProxy = 3D016E2221138335002D200B /* PBXContainerItemProxy */;
		};
/* End PBXTargetDependency section */

/* Begin PBXVariantGroup section */
		3D016E0921138334002D200B /* Main.storyboard */ = {
			isa = PBXVariantGroup;
			children = (
				3D016E0A21138334002D200B /* Base */,
			);
			name = Main.storyboard;
			sourceTree = "<group>";
		};
		3D016E0E21138334002D200B /* LaunchScreen.storyboard */ = {
			isa = PBXVariantGroup;
			children = (
				3D016E0F21138334002D200B /* Base */,
			);
			name = LaunchScreen.storyboard;
			sourceTree = "<group>";
		};
/* End PBXVariantGroup section */

/* Begin XCBuildConfiguration section */
		3D016E2821138335002D200B /* Debug */ = {
			isa = XCBuildConfiguration;
			buildSettings = {
				ALWAYS_SEARCH_USER_PATHS = NO;
				CLANG_ANALYZER_NONNULL = YES;
				CLANG_ANALYZER_NUMBER_OBJECT_CONVERSION = YES_AGGRESSIVE;
				CLANG_CXX_LANGUAGE_STANDARD = "gnu++14";
				CLANG_CXX_LIBRARY = "libc++";
				CLANG_ENABLE_MODULES = YES;
				CLANG_ENABLE_OBJC_ARC = YES;
				CLANG_ENABLE_OBJC_WEAK = YES;
				CLANG_WARN_BLOCK_CAPTURE_AUTORELEASING = YES;
				CLANG_WARN_BOOL_CONVERSION = YES;
				CLANG_WARN_COMMA = YES;
				CLANG_WARN_CONSTANT_CONVERSION = YES;
				CLANG_WARN_DEPRECATED_OBJC_IMPLEMENTATIONS = YES;
				CLANG_WARN_DIRECT_OBJC_ISA_USAGE = YES_ERROR;
				CLANG_WARN_DOCUMENTATION_COMMENTS = YES;
				CLANG_WARN_EMPTY_BODY = YES;
				CLANG_WARN_ENUM_CONVERSION = YES;
				CLANG_WARN_INFINITE_RECURSION = YES;
				CLANG_WARN_INT_CONVERSION = YES;
				CLANG_WARN_NON_LITERAL_NULL_CONVERSION = YES;
				CLANG_WARN_OBJC_IMPLICIT_RETAIN_SELF = YES;
				CLANG_WARN_OBJC_LITERAL_CONVERSION = YES;
				CLANG_WARN_OBJC_ROOT_CLASS = YES_ERROR;
				CLANG_WARN_RANGE_LOOP_ANALYSIS = YES;
				CLANG_WARN_STRICT_PROTOTYPES = YES;
				CLANG_WARN_SUSPICIOUS_MOVE = YES;
				CLANG_WARN_UNGUARDED_AVAILABILITY = YES_AGGRESSIVE;
				CLANG_WARN_UNREACHABLE_CODE = YES;
				CLANG_WARN__DUPLICATE_METHOD_MATCH = YES;
				CODE_SIGN_IDENTITY = "iPhone Developer";
				COPY_PHASE_STRIP = NO;
				DEBUG_INFORMATION_FORMAT = dwarf;
				ENABLE_STRICT_OBJC_MSGSEND = YES;
				ENABLE_TESTABILITY = YES;
				GCC_C_LANGUAGE_STANDARD = gnu11;
				GCC_DYNAMIC_NO_PIC = NO;
				GCC_NO_COMMON_BLOCKS = YES;
				GCC_OPTIMIZATION_LEVEL = 0;
				GCC_PREPROCESSOR_DEFINITIONS = (
					"DEBUG=1",
					"$(inherited)",
				);
				GCC_WARN_64_TO_32_BIT_CONVERSION = YES;
				GCC_WARN_ABOUT_RETURN_TYPE = YES_ERROR;
				GCC_WARN_UNDECLARED_SELECTOR = YES;
				GCC_WARN_UNINITIALIZED_AUTOS = YES_AGGRESSIVE;
				GCC_WARN_UNUSED_FUNCTION = YES;
				GCC_WARN_UNUSED_VARIABLE = YES;
				IPHONEOS_DEPLOYMENT_TARGET = 11.4;
				MTL_ENABLE_DEBUG_INFO = YES;
				ONLY_ACTIVE_ARCH = YES;
				SDKROOT = iphoneos;
				SWIFT_ACTIVE_COMPILATION_CONDITIONS = DEBUG;
				SWIFT_OPTIMIZATION_LEVEL = "-Onone";
			};
			name = Debug;
		};
		3D016E2921138335002D200B /* Release */ = {
			isa = XCBuildConfiguration;
			buildSettings = {
				ALWAYS_SEARCH_USER_PATHS = NO;
				CLANG_ANALYZER_NONNULL = YES;
				CLANG_ANALYZER_NUMBER_OBJECT_CONVERSION = YES_AGGRESSIVE;
				CLANG_CXX_LANGUAGE_STANDARD = "gnu++14";
				CLANG_CXX_LIBRARY = "libc++";
				CLANG_ENABLE_MODULES = YES;
				CLANG_ENABLE_OBJC_ARC = YES;
				CLANG_ENABLE_OBJC_WEAK = YES;
				CLANG_WARN_BLOCK_CAPTURE_AUTORELEASING = YES;
				CLANG_WARN_BOOL_CONVERSION = YES;
				CLANG_WARN_COMMA = YES;
				CLANG_WARN_CONSTANT_CONVERSION = YES;
				CLANG_WARN_DEPRECATED_OBJC_IMPLEMENTATIONS = YES;
				CLANG_WARN_DIRECT_OBJC_ISA_USAGE = YES_ERROR;
				CLANG_WARN_DOCUMENTATION_COMMENTS = YES;
				CLANG_WARN_EMPTY_BODY = YES;
				CLANG_WARN_ENUM_CONVERSION = YES;
				CLANG_WARN_INFINITE_RECURSION = YES;
				CLANG_WARN_INT_CONVERSION = YES;
				CLANG_WARN_NON_LITERAL_NULL_CONVERSION = YES;
				CLANG_WARN_OBJC_IMPLICIT_RETAIN_SELF = YES;
				CLANG_WARN_OBJC_LITERAL_CONVERSION = YES;
				CLANG_WARN_OBJC_ROOT_CLASS = YES_ERROR;
				CLANG_WARN_RANGE_LOOP_ANALYSIS = YES;
				CLANG_WARN_STRICT_PROTOTYPES = YES;
				CLANG_WARN_SUSPICIOUS_MOVE = YES;
				CLANG_WARN_UNGUARDED_AVAILABILITY = YES_AGGRESSIVE;
				CLANG_WARN_UNREACHABLE_CODE = YES;
				CLANG_WARN__DUPLICATE_METHOD_MATCH = YES;
				CODE_SIGN_IDENTITY = "iPhone Developer";
				COPY_PHASE_STRIP = NO;
				DEBUG_INFORMATION_FORMAT = "dwarf-with-dsym";
				ENABLE_NS_ASSERTIONS = NO;
				ENABLE_STRICT_OBJC_MSGSEND = YES;
				GCC_C_LANGUAGE_STANDARD = gnu11;
				GCC_NO_COMMON_BLOCKS = YES;
				GCC_WARN_64_TO_32_BIT_CONVERSION = YES;
				GCC_WARN_ABOUT_RETURN_TYPE = YES_ERROR;
				GCC_WARN_UNDECLARED_SELECTOR = YES;
				GCC_WARN_UNINITIALIZED_AUTOS = YES_AGGRESSIVE;
				GCC_WARN_UNUSED_FUNCTION = YES;
				GCC_WARN_UNUSED_VARIABLE = YES;
				IPHONEOS_DEPLOYMENT_TARGET = 11.4;
				MTL_ENABLE_DEBUG_INFO = NO;
				SDKROOT = iphoneos;
				SWIFT_COMPILATION_MODE = wholemodule;
				SWIFT_OPTIMIZATION_LEVEL = "-O";
				VALIDATE_PRODUCT = YES;
			};
			name = Release;
		};
		3D016E2B21138335002D200B /* Debug */ = {
			isa = XCBuildConfiguration;
			baseConfigurationReference = 7FFE3FBC79B5BB20E75754D7 /* Pods-Tumblrfeed.debug.xcconfig */;
			buildSettings = {
				ASSETCATALOG_COMPILER_APPICON_NAME = AppIcon;
				CODE_SIGN_STYLE = Automatic;
				INFOPLIST_FILE = Tumblrfeed/Info.plist;
				LD_RUNPATH_SEARCH_PATHS = (
					"$(inherited)",
					"@executable_path/Frameworks",
				);
				PRODUCT_BUNDLE_IDENTIFIER = school.Tumblrfeed;
				PRODUCT_NAME = "$(TARGET_NAME)";
				SWIFT_VERSION = 4.0;
				TARGETED_DEVICE_FAMILY = "1,2";
			};
			name = Debug;
		};
		3D016E2C21138335002D200B /* Release */ = {
			isa = XCBuildConfiguration;
			baseConfigurationReference = D8BBFF3D1F03BE72E7113790 /* Pods-Tumblrfeed.release.xcconfig */;
			buildSettings = {
				ASSETCATALOG_COMPILER_APPICON_NAME = AppIcon;
				CODE_SIGN_STYLE = Automatic;
				INFOPLIST_FILE = Tumblrfeed/Info.plist;
				LD_RUNPATH_SEARCH_PATHS = (
					"$(inherited)",
					"@executable_path/Frameworks",
				);
				PRODUCT_BUNDLE_IDENTIFIER = school.Tumblrfeed;
				PRODUCT_NAME = "$(TARGET_NAME)";
				SWIFT_VERSION = 4.0;
				TARGETED_DEVICE_FAMILY = "1,2";
			};
			name = Release;
		};
		3D016E2E21138335002D200B /* Debug */ = {
			isa = XCBuildConfiguration;
			baseConfigurationReference = D4E9574E95F0DB9F1C7F1A48 /* Pods-TumblrfeedTests.debug.xcconfig */;
			buildSettings = {
				ALWAYS_EMBED_SWIFT_STANDARD_LIBRARIES = YES;
				BUNDLE_LOADER = "$(TEST_HOST)";
				CODE_SIGN_STYLE = Automatic;
				INFOPLIST_FILE = TumblrfeedTests/Info.plist;
				LD_RUNPATH_SEARCH_PATHS = (
					"$(inherited)",
					"@executable_path/Frameworks",
					"@loader_path/Frameworks",
				);
				PRODUCT_BUNDLE_IDENTIFIER = school.TumblrfeedTests;
				PRODUCT_NAME = "$(TARGET_NAME)";
				SWIFT_VERSION = 4.0;
				TARGETED_DEVICE_FAMILY = "1,2";
				TEST_HOST = "$(BUILT_PRODUCTS_DIR)/Tumblrfeed.app/Tumblrfeed";
			};
			name = Debug;
		};
		3D016E2F21138335002D200B /* Release */ = {
			isa = XCBuildConfiguration;
			baseConfigurationReference = 1A8DB4338EC9464EDBC314E5 /* Pods-TumblrfeedTests.release.xcconfig */;
			buildSettings = {
				ALWAYS_EMBED_SWIFT_STANDARD_LIBRARIES = YES;
				BUNDLE_LOADER = "$(TEST_HOST)";
				CODE_SIGN_STYLE = Automatic;
				INFOPLIST_FILE = TumblrfeedTests/Info.plist;
				LD_RUNPATH_SEARCH_PATHS = (
					"$(inherited)",
					"@executable_path/Frameworks",
					"@loader_path/Frameworks",
				);
				PRODUCT_BUNDLE_IDENTIFIER = school.TumblrfeedTests;
				PRODUCT_NAME = "$(TARGET_NAME)";
				SWIFT_VERSION = 4.0;
				TARGETED_DEVICE_FAMILY = "1,2";
				TEST_HOST = "$(BUILT_PRODUCTS_DIR)/Tumblrfeed.app/Tumblrfeed";
			};
			name = Release;
		};
		3D016E3121138335002D200B /* Debug */ = {
			isa = XCBuildConfiguration;
			baseConfigurationReference = AA8CA9B7C26B53BADCE6A0ED /* Pods-TumblrfeedUITests.debug.xcconfig */;
			buildSettings = {
				ALWAYS_EMBED_SWIFT_STANDARD_LIBRARIES = YES;
				CODE_SIGN_STYLE = Automatic;
				INFOPLIST_FILE = TumblrfeedUITests/Info.plist;
				LD_RUNPATH_SEARCH_PATHS = (
					"$(inherited)",
					"@executable_path/Frameworks",
					"@loader_path/Frameworks",
				);
				PRODUCT_BUNDLE_IDENTIFIER = school.TumblrfeedUITests;
				PRODUCT_NAME = "$(TARGET_NAME)";
				SWIFT_VERSION = 4.0;
				TARGETED_DEVICE_FAMILY = "1,2";
				TEST_TARGET_NAME = Tumblrfeed;
			};
			name = Debug;
		};
		3D016E3221138335002D200B /* Release */ = {
			isa = XCBuildConfiguration;
			baseConfigurationReference = 414F11B2EB466E590E76C772 /* Pods-TumblrfeedUITests.release.xcconfig */;
			buildSettings = {
				ALWAYS_EMBED_SWIFT_STANDARD_LIBRARIES = YES;
				CODE_SIGN_STYLE = Automatic;
				INFOPLIST_FILE = TumblrfeedUITests/Info.plist;
				LD_RUNPATH_SEARCH_PATHS = (
					"$(inherited)",
					"@executable_path/Frameworks",
					"@loader_path/Frameworks",
				);
				PRODUCT_BUNDLE_IDENTIFIER = school.TumblrfeedUITests;
				PRODUCT_NAME = "$(TARGET_NAME)";
				SWIFT_VERSION = 4.0;
				TARGETED_DEVICE_FAMILY = "1,2";
				TEST_TARGET_NAME = Tumblrfeed;
			};
			name = Release;
		};
/* End XCBuildConfiguration section */

/* Begin XCConfigurationList section */
		3D016DFD21138334002D200B /* Build configuration list for PBXProject "Tumblrfeed" */ = {
			isa = XCConfigurationList;
			buildConfigurations = (
				3D016E2821138335002D200B /* Debug */,
				3D016E2921138335002D200B /* Release */,
			);
			defaultConfigurationIsVisible = 0;
			defaultConfigurationName = Release;
		};
		3D016E2A21138335002D200B /* Build configuration list for PBXNativeTarget "Tumblrfeed" */ = {
			isa = XCConfigurationList;
			buildConfigurations = (
				3D016E2B21138335002D200B /* Debug */,
				3D016E2C21138335002D200B /* Release */,
			);
			defaultConfigurationIsVisible = 0;
			defaultConfigurationName = Release;
		};
		3D016E2D21138335002D200B /* Build configuration list for PBXNativeTarget "TumblrfeedTests" */ = {
			isa = XCConfigurationList;
			buildConfigurations = (
				3D016E2E21138335002D200B /* Debug */,
				3D016E2F21138335002D200B /* Release */,
			);
			defaultConfigurationIsVisible = 0;
			defaultConfigurationName = Release;
		};
		3D016E3021138335002D200B /* Build configuration list for PBXNativeTarget "TumblrfeedUITests" */ = {
			isa = XCConfigurationList;
			buildConfigurations = (
				3D016E3121138335002D200B /* Debug */,
				3D016E3221138335002D200B /* Release */,
			);
			defaultConfigurationIsVisible = 0;
			defaultConfigurationName = Release;
		};
/* End XCConfigurationList section */
	};
	rootObject = 3D016DFA21138334002D200B /* Project object */;
}
